# This file is automatically @generated by Cargo.
# It is not intended for manual editing.
version = 4

[[package]]
name = "pymergetic_metal_async"
version = "0.1.0"

[[package]]
name = "pymergetic_metal_fs"
version = "0.1.0"
dependencies = [
 "pymergetic_metal_async",
 "pymergetic_metal_fs_vfs",
 "pymergetic_metal_rt",
]

[[package]]
name = "pymergetic_metal_fs_mtar"
version = "0.1.0"
dependencies = [
 "pymergetic_metal_async",
 "pymergetic_metal_fs",
 "pymergetic_metal_fs_vfs",
 "pymergetic_metal_rt",
 "pymergetic_metal_util_lz4",
 "pymergetic_metal_util_tar",
]

[[package]]
name = "pymergetic_metal_fs_tmpfs"
version = "0.1.0"
dependencies = [
 "pymergetic_metal_fs",
 "pymergetic_metal_fs_vfs",
 "pymergetic_metal_rt",
]

[[package]]
name = "pymergetic_metal_fs_vfs"
version = "0.1.0"
dependencies = [
 "pymergetic_metal_rt",
]

[[package]]
name = "pymergetic_metal_fs_wasmmod"
version = "0.1.0"
dependencies = [
 "pymergetic_metal_fs",
 "pymergetic_metal_fs_vfs",
 "pymergetic_metal_rt",
]

[[package]]
name = "pymergetic_metal_rs"
version = "0.1.0"
dependencies = [
 "pymergetic_metal_async",
 "pymergetic_metal_fs",
 "pymergetic_metal_fs_mtar",
 "pymergetic_metal_fs_tmpfs",
 "pymergetic_metal_fs_vfs",
 "pymergetic_metal_fs_wasmmod",
 "pymergetic_metal_rt",
 "pymergetic_metal_util_lz4",
 "pymergetic_metal_util_size",
 "pymergetic_metal_util_tar",
]

[[package]]
name = "pymergetic_metal_rt"
version = "0.1.0"

[[package]]
name = "pymergetic_metal_util_lz4"
version = "0.1.0"
dependencies = [
 "pymergetic_metal_rt",
]

[[package]]
name = "pymergetic_metal_util_size"
version = "0.1.0"
dependencies = [
 "pymergetic_metal_rt",
]

[[package]]
name = "pymergetic_metal_util_tar"
version = "0.1.0"
dependencies = [
 "pymergetic_metal_rt",
]
