# This file is automatically @generated by Cargo.
# It is not intended for manual editing.
version = 4

[[package]]
name = "pymergetic_metal_dev_random"
version = "0.1.0"
dependencies = [
 "pymergetic_metal_dt",
 "pymergetic_metal_rt",
]

[[package]]
name = "pymergetic_metal_dt"
version = "0.1.0"
dependencies = [
 "pymergetic_metal_rt",
]

[[package]]
name = "pymergetic_metal_rt"
version = "0.1.0"
