# This file is automatically @generated by Cargo.
# It is not intended for manual editing.
version = 4

[[package]]
name = "cc"
version = "1.4.0"
source = "registry+https://github.com/rust-lang/crates.io-index"
checksum = "5add81bb678e6cb321aff7fa0dc7689ad82b112dbc032cea19f91d6b8e3582b9"
dependencies = [
 "find-msvc-tools",
 "shlex",
]

[[package]]
name = "find-msvc-tools"
version = "0.1.9"
source = "registry+https://github.com/rust-lang/crates.io-index"
checksum = "5baebc0774151f905a1a2cc41989300b1e6fbb29aff0ceffa1064fdd3088d582"

[[package]]
name = "pymergetic_metal_async"
version = "0.1.0"
dependencies = [
 "pymergetic_metal_mem",
 "pymergetic_metal_rt",
]

[[package]]
name = "pymergetic_metal_boot"
version = "0.1.0"
dependencies = [
 "pymergetic_metal_async",
 "pymergetic_metal_bus_pci",
 "pymergetic_metal_console",
 "pymergetic_metal_dev_acpi",
 "pymergetic_metal_dev_blk_ram",
 "pymergetic_metal_dev_gfx",
 "pymergetic_metal_dev_input",
 "pymergetic_metal_dev_random",
 "pymergetic_metal_dev_serial",
 "pymergetic_metal_dev_time",
 "pymergetic_metal_dt",
 "pymergetic_metal_fs",
 "pymergetic_metal_fs_fat",
 "pymergetic_metal_fs_littlefs",
 "pymergetic_metal_fs_mtar",
 "pymergetic_metal_fs_tmpfs",
 "pymergetic_metal_fs_vfs",
 "pymergetic_metal_hwtree",
 "pymergetic_metal_log",
 "pymergetic_metal_mem",
 "pymergetic_metal_net_dns",
 "pymergetic_metal_net_ftp",
 "pymergetic_metal_net_http",
 "pymergetic_metal_net_http_microdot",
 "pymergetic_metal_net_ip",
 "pymergetic_metal_net_ip_icmp",
 "pymergetic_metal_net_ip_tcp",
 "pymergetic_metal_net_ip_udp",
 "pymergetic_metal_net_ntp",
 "pymergetic_metal_net_ssh",
 "pymergetic_metal_net_tftp",
 "pymergetic_metal_py",
 "pymergetic_metal_reg",
 "pymergetic_metal_rt",
 "pymergetic_metal_util_ascii",
 "pymergetic_metal_util_lz4",
 "pymergetic_metal_util_size",
 "pymergetic_metal_util_tar",
 "pymergetic_metal_wasm",
]

[[package]]
name = "pymergetic_metal_bus_pci"
version = "0.1.0"
dependencies = [
 "pymergetic_metal_dt",
 "pymergetic_metal_rt",
]

[[package]]
name = "pymergetic_metal_console"
version = "0.1.0"
dependencies = [
 "pymergetic_metal_mem",
 "pymergetic_metal_reg",
 "pymergetic_metal_rt",
]

[[package]]
name = "pymergetic_metal_dev_acpi"
version = "0.1.0"
dependencies = [
 "pymergetic_metal_rt",
]

[[package]]
name = "pymergetic_metal_dev_blk_ram"
version = "0.1.0"
dependencies = [
 "pymergetic_metal_async",
 "pymergetic_metal_rt",
]

[[package]]
name = "pymergetic_metal_dev_gfx"
version = "0.1.0"
dependencies = [
 "pymergetic_metal_dt",
 "pymergetic_metal_rt",
]

[[package]]
name = "pymergetic_metal_dev_input"
version = "0.1.0"
dependencies = [
 "pymergetic_metal_async",
 "pymergetic_metal_dt",
 "pymergetic_metal_rt",
]

[[package]]
name = "pymergetic_metal_dev_random"
version = "0.1.0"
dependencies = [
 "pymergetic_metal_dt",
 "pymergetic_metal_rt",
]

[[package]]
name = "pymergetic_metal_dev_serial"
version = "0.1.0"
dependencies = [
 "pymergetic_metal_rt",
]

[[package]]
name = "pymergetic_metal_dev_time"
version = "0.1.0"
dependencies = [
 "pymergetic_metal_dt",
 "pymergetic_metal_rt",
]

[[package]]
name = "pymergetic_metal_dt"
version = "0.1.0"
dependencies = [
 "pymergetic_metal_rt",
]

[[package]]
name = "pymergetic_metal_fs"
version = "0.1.0"
dependencies = [
 "pymergetic_metal_async",
 "pymergetic_metal_fs_vfs",
 "pymergetic_metal_rt",
]

[[package]]
name = "pymergetic_metal_fs_fat"
version = "0.1.0"
dependencies = [
 "pymergetic_metal_async",
 "pymergetic_metal_fs",
 "pymergetic_metal_fs_vfs",
 "pymergetic_metal_rt",
]

[[package]]
name = "pymergetic_metal_fs_littlefs"
version = "0.1.0"
dependencies = [
 "pymergetic_metal_async",
 "pymergetic_metal_fs",
 "pymergetic_metal_fs_vfs",
 "pymergetic_metal_rt",
]

[[package]]
name = "pymergetic_metal_fs_mtar"
version = "0.1.0"
dependencies = [
 "pymergetic_metal_async",
 "pymergetic_metal_fs",
 "pymergetic_metal_fs_vfs",
 "pymergetic_metal_rt",
 "pymergetic_metal_util_lz4",
 "pymergetic_metal_util_tar",
]

[[package]]
name = "pymergetic_metal_fs_tmpfs"
version = "0.1.0"
dependencies = [
 "pymergetic_metal_async",
 "pymergetic_metal_fs",
 "pymergetic_metal_fs_vfs",
 "pymergetic_metal_rt",
]

[[package]]
name = "pymergetic_metal_fs_vfs"
version = "0.1.0"
dependencies = [
 "pymergetic_metal_rt",
]

[[package]]
name = "pymergetic_metal_hwtree"
version = "0.1.0"
dependencies = [
 "pymergetic_metal_dt",
 "pymergetic_metal_log",
 "pymergetic_metal_rt",
]

[[package]]
name = "pymergetic_metal_log"
version = "0.1.0"
dependencies = [
 "pymergetic_metal_reg",
 "pymergetic_metal_rt",
]

[[package]]
name = "pymergetic_metal_mem"
version = "0.1.0"
dependencies = [
 "cc",
 "pymergetic_metal_rt",
]

[[package]]
name = "pymergetic_metal_net_dns"
version = "0.1.0"
dependencies = [
 "pymergetic_metal_async",
 "pymergetic_metal_net_ip",
 "pymergetic_metal_rt",
]

[[package]]
name = "pymergetic_metal_net_ftp"
version = "0.1.0"
dependencies = [
 "pymergetic_metal_async",
 "pymergetic_metal_net_dns",
 "pymergetic_metal_net_ip",
 "pymergetic_metal_net_ip_tcp",
 "pymergetic_metal_rt",
]

[[package]]
name = "pymergetic_metal_net_http"
version = "0.1.0"
dependencies = [
 "pymergetic_metal_async",
 "pymergetic_metal_net_ip",
 "pymergetic_metal_net_ip_tcp",
 "pymergetic_metal_rt",
]

[[package]]
name = "pymergetic_metal_net_http_microdot"
version = "0.1.0"
dependencies = [
 "pymergetic_metal_rt",
]

[[package]]
name = "pymergetic_metal_net_ip"
version = "0.1.0"
dependencies = [
 "cc",
 "pymergetic_metal_async",
 "pymergetic_metal_mem",
 "pymergetic_metal_rt",
]

[[package]]
name = "pymergetic_metal_net_ip_icmp"
version = "0.1.0"
dependencies = [
 "pymergetic_metal_async",
 "pymergetic_metal_net_dns",
 "pymergetic_metal_net_ip",
 "pymergetic_metal_rt",
]

[[package]]
name = "pymergetic_metal_net_ip_tcp"
version = "0.1.0"
dependencies = [
 "pymergetic_metal_async",
 "pymergetic_metal_net_dns",
 "pymergetic_metal_net_ip",
 "pymergetic_metal_rt",
]

[[package]]
name = "pymergetic_metal_net_ip_udp"
version = "0.1.0"
dependencies = [
 "pymergetic_metal_async",
 "pymergetic_metal_net_ip",
 "pymergetic_metal_rt",
]

[[package]]
name = "pymergetic_metal_net_ntp"
version = "0.1.0"
dependencies = [
 "pymergetic_metal_async",
 "pymergetic_metal_net_dns",
 "pymergetic_metal_net_ip",
 "pymergetic_metal_rt",
]

[[package]]
name = "pymergetic_metal_net_ssh"
version = "0.1.0"
dependencies = [
 "pymergetic_metal_reg",
 "pymergetic_metal_rt",
]

[[package]]
name = "pymergetic_metal_net_tftp"
version = "0.1.0"
dependencies = [
 "pymergetic_metal_async",
 "pymergetic_metal_net_dns",
 "pymergetic_metal_net_ip",
 "pymergetic_metal_rt",
]

[[package]]
name = "pymergetic_metal_py"
version = "0.1.0"
dependencies = [
 "pymergetic_metal_async",
 "pymergetic_metal_fs",
 "pymergetic_metal_log",
 "pymergetic_metal_mem",
 "pymergetic_metal_reg",
 "pymergetic_metal_rt",
]

[[package]]
name = "pymergetic_metal_reg"
version = "0.1.0"
dependencies = [
 "pymergetic_metal_rt",
]

[[package]]
name = "pymergetic_metal_rt"
version = "0.1.0"

[[package]]
name = "pymergetic_metal_util_ascii"
version = "0.1.0"
dependencies = [
 "pymergetic_metal_rt",
]

[[package]]
name = "pymergetic_metal_util_lz4"
version = "0.1.0"
dependencies = [
 "pymergetic_metal_rt",
]

[[package]]
name = "pymergetic_metal_util_size"
version = "0.1.0"
dependencies = [
 "pymergetic_metal_rt",
]

[[package]]
name = "pymergetic_metal_util_tar"
version = "0.1.0"
dependencies = [
 "pymergetic_metal_rt",
]

[[package]]
name = "pymergetic_metal_wasm"
version = "0.1.0"
dependencies = [
 "cc",
 "pymergetic_metal_async",
 "pymergetic_metal_log",
 "pymergetic_metal_mem",
 "pymergetic_metal_reg",
 "pymergetic_metal_rt",
]

[[package]]
name = "shlex"
version = "2.0.1"
source = "registry+https://github.com/rust-lang/crates.io-index"
checksum = "f8fadd59c855ef2080decdef8ff161eb6661b86933c9d82e5ba29dc602a55aba"
